
Microsoft Visual Studio Solution File, Format Version 12.00
# Visual Studio 2013
VisualStudioVersion = 12.0.40629.0
MinimumVisualStudioVersion = 10.0.40219.1
Project("{FAE04EC0-301F-11D3-BF4B-00C04F79EFBC}") = "ScreenShoter", "ScreenShoter\ScreenShoter.csproj", "{3B93613A-86BF-4450-B36D-45A2417592FF}"
EndProject
Project("{FAE04EC0-301F-11D3-BF4B-00C04F79EFBC}") = "ImgurSender", "ImgurSender\ImgurSender.csproj", "{FEBC3AF3-4D44-46DC-8A00-8F8FA3598037}"
EndProject
Project("{FAE04EC0-301F-11D3-BF4B-00C04F79EFBC}") = "PluginInterface", "PluginInterface\PluginInterface.csproj", "{BE3BE0AD-0175-4B23-A023-AE79C1758B27}"
EndProject
Project("{FAE04EC0-301F-11D3-BF4B-00C04F79EFBC}") = "JpegImageSaver", "JpegImageSaver\JpegImageSaver.csproj", "{B5C1C973-E890-4C0A-9A5F-25F328EB7BE9}"
EndProject
Project("{FAE04EC0-301F-11D3-BF4B-00C04F79EFBC}") = "PngImageSaver", "PngImageSaver\PngImageSaver.csproj", "{F97462F6-278E-4015-B4BE-784E0AC77ECF}"
EndProject
Project("{FAE04EC0-301F-11D3-BF4B-00C04F79EFBC}") = "ClipboardImageSaver", "ClipboardImageSaver\ClipboardImageSaver.csproj", "{FFB36464-FCE6-44ED-B2E5-87DC0FC164B7}"
EndProject
Project("{2150E333-8FDC-42A3-9474-1A3956D46DE8}") = ".nuget", ".nuget", "{D3C70999-687F-466A-9A80-A65542A296E3}"
	ProjectSection(SolutionItems) = preProject
		.nuget\packages.config = .nuget\packages.config
	EndProjectSection
EndProject
Global
	GlobalSection(SolutionConfigurationPlatforms) = preSolution
		Debug|Any CPU = Debug|Any CPU
		Release|Any CPU = Release|Any CPU
	EndGlobalSection
	GlobalSection(ProjectConfigurationPlatforms) = postSolution
		{3B93613A-86BF-4450-B36D-45A2417592FF}.Debug|Any CPU.ActiveCfg = Debug|Any CPU
		{3B93613A-86BF-4450-B36D-45A2417592FF}.Debug|Any CPU.Build.0 = Debug|Any CPU
		{3B93613A-86BF-4450-B36D-45A2417592FF}.Release|Any CPU.ActiveCfg = Release|Any CPU
		{3B93613A-86BF-4450-B36D-45A2417592FF}.Release|Any CPU.Build.0 = Release|Any CPU
		{FEBC3AF3-4D44-46DC-8A00-8F8FA3598037}.Debug|Any CPU.ActiveCfg = Debug|Any CPU
		{FEBC3AF3-4D44-46DC-8A00-8F8FA3598037}.Debug|Any CPU.Build.0 = Debug|Any CPU
		{FEBC3AF3-4D44-46DC-8A00-8F8FA3598037}.Release|Any CPU.ActiveCfg = Release|Any CPU
		{FEBC3AF3-4D44-46DC-8A00-8F8FA3598037}.Release|Any CPU.Build.0 = Release|Any CPU
		{BE3BE0AD-0175-4B23-A023-AE79C1758B27}.Debug|Any CPU.ActiveCfg = Debug|Any CPU
		{BE3BE0AD-0175-4B23-A023-AE79C1758B27}.Debug|Any CPU.Build.0 = Debug|Any CPU
		{BE3BE0AD-0175-4B23-A023-AE79C1758B27}.Release|Any CPU.ActiveCfg = Release|Any CPU
		{BE3BE0AD-0175-4B23-A023-AE79C1758B27}.Release|Any CPU.Build.0 = Release|Any CPU
		{B5C1C973-E890-4C0A-9A5F-25F328EB7BE9}.Debug|Any CPU.ActiveCfg = Debug|Any CPU
		{B5C1C973-E890-4C0A-9A5F-25F328EB7BE9}.Debug|Any CPU.Build.0 = Debug|Any CPU
		{B5C1C973-E890-4C0A-9A5F-25F328EB7BE9}.Release|Any CPU.ActiveCfg = Release|Any CPU
		{B5C1C973-E890-4C0A-9A5F-25F328EB7BE9}.Release|Any CPU.Build.0 = Release|Any CPU
		{F97462F6-278E-4015-B4BE-784E0AC77ECF}.Debug|Any CPU.ActiveCfg = Debug|Any CPU
		{F97462F6-278E-4015-B4BE-784E0AC77ECF}.Debug|Any CPU.Build.0 = Debug|Any CPU
		{F97462F6-278E-4015-B4BE-784E0AC77ECF}.Release|Any CPU.ActiveCfg = Release|Any CPU
		{F97462F6-278E-4015-B4BE-784E0AC77ECF}.Release|Any CPU.Build.0 = Release|Any CPU
		{FFB36464-FCE6-44ED-B2E5-87DC0FC164B7}.Debug|Any CPU.ActiveCfg = Debug|Any CPU
		{FFB36464-FCE6-44ED-B2E5-87DC0FC164B7}.Debug|Any CPU.Build.0 = Debug|Any CPU
		{FFB36464-FCE6-44ED-B2E5-87DC0FC164B7}.Release|Any CPU.ActiveCfg = Release|Any CPU
		{FFB36464-FCE6-44ED-B2E5-87DC0FC164B7}.Release|Any CPU.Build.0 = Release|Any CPU
	EndGlobalSection
	GlobalSection(SolutionProperties) = preSolution
		HideSolutionNode = FALSE
	EndGlobalSection
EndGlobal
